
Microsoft Visual Studio Solution File, Format Version 12.00
# Visual Studio 2012
Project("{FAE04EC0-301F-11D3-BF4B-00C04F79EFBC}") = "YatORM", "YatORM\YatORM.csproj", "{4C4D6407-7AFF-4516-97A1-D21145F14661}"
EndProject
Project("{FAE04EC0-301F-11D3-BF4B-00C04F79EFBC}") = "YatORM.Tests", "YatORM.Tests\YatORM.Tests.csproj", "{0266D1FC-0AC0-49DA-8956-7D9F2C6D22D3}"
EndProject
Global
	GlobalSection(SolutionConfigurationPlatforms) = preSolution
		Debug|Any CPU = Debug|Any CPU
		Release|Any CPU = Release|Any CPU
	EndGlobalSection
	GlobalSection(ProjectConfigurationPlatforms) = postSolution
		{4C4D6407-7AFF-4516-97A1-D21145F14661}.Debug|Any CPU.ActiveCfg = Debug|Any CPU
		{4C4D6407-7AFF-4516-97A1-D21145F14661}.Debug|Any CPU.Build.0 = Debug|Any CPU
		{4C4D6407-7AFF-4516-97A1-D21145F14661}.Release|Any CPU.ActiveCfg = Release|Any CPU
		{4C4D6407-7AFF-4516-97A1-D21145F14661}.Release|Any CPU.Build.0 = Release|Any CPU
		{0266D1FC-0AC0-49DA-8956-7D9F2C6D22D3}.Debug|Any CPU.ActiveCfg = Debug|Any CPU
		{0266D1FC-0AC0-49DA-8956-7D9F2C6D22D3}.Debug|Any CPU.Build.0 = Debug|Any CPU
		{0266D1FC-0AC0-49DA-8956-7D9F2C6D22D3}.Release|Any CPU.ActiveCfg = Release|Any CPU
		{0266D1FC-0AC0-49DA-8956-7D9F2C6D22D3}.Release|Any CPU.Build.0 = Release|Any CPU
	EndGlobalSection
	GlobalSection(SolutionProperties) = preSolution
		HideSolutionNode = FALSE
	EndGlobalSection
EndGlobal
